
Microsoft Visual Studio Solution File, Format Version 12.00
# Visual Studio 2013
VisualStudioVersion = 12.0.20623.1 VSUPREVIEW
MinimumVisualStudioVersion = 10.0.40219.1
Project("{FAE04EC0-301F-11D3-BF4B-00C04F79EFBC}") = "SitecoreExtension.ImageCrunch", "SitecoreExtension.ImageCrunch\SitecoreExtension.ImageCrunch.csproj", "{118E8E69-0638-4653-8AB4-D7553C2E5FA3}"
EndProject
Project("{FAE04EC0-301F-11D3-BF4B-00C04F79EFBC}") = "SitecoreExtension.ImageCrunch.SmushIt.Tests", "SitecoreExtension.ImageCrunch.SmushIt.Tests\SitecoreExtension.ImageCrunch.SmushIt.Tests.csproj", "{43AF225E-E08A-4214-A25B-3E39A036A6CC}"
EndProject
Global
	GlobalSection(SolutionConfigurationPlatforms) = preSolution
		Debug|Any CPU = Debug|Any CPU
		Release|Any CPU = Release|Any CPU
	EndGlobalSection
	GlobalSection(ProjectConfigurationPlatforms) = postSolution
		{118E8E69-0638-4653-8AB4-D7553C2E5FA3}.Debug|Any CPU.ActiveCfg = Debug|Any CPU
		{118E8E69-0638-4653-8AB4-D7553C2E5FA3}.Debug|Any CPU.Build.0 = Debug|Any CPU
		{118E8E69-0638-4653-8AB4-D7553C2E5FA3}.Release|Any CPU.ActiveCfg = Release|Any CPU
		{118E8E69-0638-4653-8AB4-D7553C2E5FA3}.Release|Any CPU.Build.0 = Release|Any CPU
		{43AF225E-E08A-4214-A25B-3E39A036A6CC}.Debug|Any CPU.ActiveCfg = Debug|Any CPU
		{43AF225E-E08A-4214-A25B-3E39A036A6CC}.Debug|Any CPU.Build.0 = Debug|Any CPU
		{43AF225E-E08A-4214-A25B-3E39A036A6CC}.Release|Any CPU.ActiveCfg = Release|Any CPU
		{43AF225E-E08A-4214-A25B-3E39A036A6CC}.Release|Any CPU.Build.0 = Release|Any CPU
	EndGlobalSection
	GlobalSection(SolutionProperties) = preSolution
		HideSolutionNode = FALSE
	EndGlobalSection
EndGlobal
